// !$*UTF8*$!
{
	archiveVersion = 1;
	classes = {
	};
	objectVersion = 56;
	objects = {

/* Begin PBXBuildFile section */
		39831E6C29F16B7A00B08FF3 /* Coordinator_SwiftUIApp.swift in Sources */ = {isa = PBXBuildFile; fileRef = 39831E6B29F16B7A00B08FF3 /* Coordinator_SwiftUIApp.swift */; };
		39831E6E29F16B7A00B08FF3 /* ContentView.swift in Sources */ = {isa = PBXBuildFile; fileRef = 39831E6D29F16B7A00B08FF3 /* ContentView.swift */; };
		39831E7029F16B7B00B08FF3 /* Assets.xcassets in Resources */ = {isa = PBXBuildFile; fileRef = 39831E6F29F16B7B00B08FF3 /* Assets.xcassets */; };
		39831E7329F16B7B00B08FF3 /* Preview Assets.xcassets in Resources */ = {isa = PBXBuildFile; fileRef = 39831E7229F16B7B00B08FF3 /* Preview Assets.xcassets */; };
		39831E8129F16BBD00B08FF3 /* Notification.Name.swift in Sources */ = {isa = PBXBuildFile; fileRef = 39831E7B29F16BBD00B08FF3 /* Notification.Name.swift */; };
		39831E8229F16BBD00B08FF3 /* Destination.swift in Sources */ = {isa = PBXBuildFile; fileRef = 39831E7C29F16BBD00B08FF3 /* Destination.swift */; };
		39831E8329F16BBD00B08FF3 /* Coordinator.swift in Sources */ = {isa = PBXBuildFile; fileRef = 39831E7D29F16BBD00B08FF3 /* Coordinator.swift */; };
		39831E8429F16BBD00B08FF3 /* MainView.swift in Sources */ = {isa = PBXBuildFile; fileRef = 39831E7E29F16BBD00B08FF3 /* MainView.swift */; };
		39831E8629F16BBD00B08FF3 /* MainViewModel.swift in Sources */ = {isa = PBXBuildFile; fileRef = 39831E8029F16BBD00B08FF3 /* MainViewModel.swift */; };
		39831E8929F16BD500B08FF3 /* ViewABC.swift in Sources */ = {isa = PBXBuildFile; fileRef = 39831E8829F16BD500B08FF3 /* ViewABC.swift */; };
/* End PBXBuildFile section */

/* Begin PBXFileReference section */
		39831E6829F16B7A00B08FF3 /* Coordinator-SwiftUI.app */ = {isa = PBXFileReference; explicitFileType = wrapper.application; includeInIndex = 0; path = "Coordinator-SwiftUI.app"; sourceTree = BUILT_PRODUCTS_DIR; };
		39831E6B29F16B7A00B08FF3 /* Coordinator_SwiftUIApp.swift */ = {isa = PBXFileReference; lastKnownFileType = sourcecode.swift; path = Coordinator_SwiftUIApp.swift; sourceTree = "<group>"; };
		39831E6D29F16B7A00B08FF3 /* ContentView.swift */ = {isa = PBXFileReference; lastKnownFileType = sourcecode.swift; path = ContentView.swift; sourceTree = "<group>"; };
		39831E6F29F16B7B00B08FF3 /* Assets.xcassets */ = {isa = PBXFileReference; lastKnownFileType = folder.assetcatalog; path = Assets.xcassets; sourceTree = "<group>"; };
		39831E7229F16B7B00B08FF3 /* Preview Assets.xcassets */ = {isa = PBXFileReference; lastKnownFileType = folder.assetcatalog; path = "Preview Assets.xcassets"; sourceTree = "<group>"; };
		39831E7B29F16BBD00B08FF3 /* Notification.Name.swift */ = {isa = PBXFileReference; fileEncoding = 4; lastKnownFileType = sourcecode.swift; path = Notification.Name.swift; sourceTree = "<group>"; };
		39831E7C29F16BBD00B08FF3 /* Destination.swift */ = {isa = PBXFileReference; fileEncoding = 4; lastKnownFileType = sourcecode.swift; path = Destination.swift; sourceTree = "<group>"; };
		39831E7D29F16BBD00B08FF3 /* Coordinator.swift */ = {isa = PBXFileReference; fileEncoding = 4; lastKnownFileType = sourcecode.swift; path = Coordinator.swift; sourceTree = "<group>"; };
		39831E7E29F16BBD00B08FF3 /* MainView.swift */ = {isa = PBXFileReference; fileEncoding = 4; lastKnownFileType = sourcecode.swift; path = MainView.swift; sourceTree = "<group>"; };
		39831E8029F16BBD00B08FF3 /* MainViewModel.swift */ = {isa = PBXFileReference; fileEncoding = 4; lastKnownFileType = sourcecode.swift; path = MainViewModel.swift; sourceTree = "<group>"; };
		39831E8829F16BD500B08FF3 /* ViewABC.swift */ = {isa = PBXFileReference; lastKnownFileType = sourcecode.swift; path = ViewABC.swift; sourceTree = "<group>"; };
		39831E8C29F16CBD00B08FF3 /* README.md */ = {isa = PBXFileReference; lastKnownFileType = net.daringfireball.markdown; path = README.md; sourceTree = "<group>"; };
/* End PBXFileReference section */

/* Begin PBXFrameworksBuildPhase section */
		39831E6529F16B7A00B08FF3 /* Frameworks */ = {
			isa = PBXFrameworksBuildPhase;
			buildActionMask = 2147483647;
			files = (
			);
			runOnlyForDeploymentPostprocessing = 0;
		};
/* End PBXFrameworksBuildPhase section */

/* Begin PBXGroup section */
		39831E5F29F16B7A00B08FF3 = {
			isa = PBXGroup;
			children = (
				39831E8C29F16CBD00B08FF3 /* README.md */,
				39831E6A29F16B7A00B08FF3 /* Coordinator-SwiftUI */,
				39831E6929F16B7A00B08FF3 /* Products */,
			);
			sourceTree = "<group>";
		};
		39831E6929F16B7A00B08FF3 /* Products */ = {
			isa = PBXGroup;
			children = (
				39831E6829F16B7A00B08FF3 /* Coordinator-SwiftUI.app */,
			);
			name = Products;
			sourceTree = "<group>";
		};
		39831E6A29F16B7A00B08FF3 /* Coordinator-SwiftUI */ = {
			isa = PBXGroup;
			children = (
				39831E6B29F16B7A00B08FF3 /* Coordinator_SwiftUIApp.swift */,
				39831E6D29F16B7A00B08FF3 /* ContentView.swift */,
				39831E7A29F16BBD00B08FF3 /* Coordinator */,
				39831E8A29F16C5C00B08FF3 /* Views */,
				39831E8B29F16C6E00B08FF3 /* ViewModel */,
				39831E6F29F16B7B00B08FF3 /* Assets.xcassets */,
				39831E7129F16B7B00B08FF3 /* Preview Content */,
			);
			path = "Coordinator-SwiftUI";
			sourceTree = "<group>";
		};
		39831E7129F16B7B00B08FF3 /* Preview Content */ = {
			isa = PBXGroup;
			children = (
				39831E7229F16B7B00B08FF3 /* Preview Assets.xcassets */,
			);
			path = "Preview Content";
			sourceTree = "<group>";
		};
		39831E7A29F16BBD00B08FF3 /* Coordinator */ = {
			isa = PBXGroup;
			children = (
				39831E7B29F16BBD00B08FF3 /* Notification.Name.swift */,
				39831E7C29F16BBD00B08FF3 /* Destination.swift */,
				39831E7D29F16BBD00B08FF3 /* Coordinator.swift */,
			);
			path = Coordinator;
			sourceTree = "<group>";
		};
		39831E8A29F16C5C00B08FF3 /* Views */ = {
			isa = PBXGroup;
			children = (
				39831E7E29F16BBD00B08FF3 /* MainView.swift */,
				39831E8829F16BD500B08FF3 /* ViewABC.swift */,
			);
			path = Views;
			sourceTree = "<group>";
		};
		39831E8B29F16C6E00B08FF3 /* ViewModel */ = {
			isa = PBXGroup;
			children = (
				39831E8029F16BBD00B08FF3 /* MainViewModel.swift */,
			);
			path = ViewModel;
			sourceTree = "<group>";
		};
/* End PBXGroup section */

/* Begin PBXNativeTarget section */
		39831E6729F16B7A00B08FF3 /* Coordinator-SwiftUI */ = {
			isa = PBXNativeTarget;
			buildConfigurationList = 39831E7629F16B7B00B08FF3 /* Build configuration list for PBXNativeTarget "Coordinator-SwiftUI" */;
			buildPhases = (
				39831E6429F16B7A00B08FF3 /* Sources */,
				39831E6529F16B7A00B08FF3 /* Frameworks */,
				39831E6629F16B7A00B08FF3 /* Resources */,
			);
			buildRules = (
			);
			dependencies = (
			);
			name = "Coordinator-SwiftUI";
			productName = "Coordinator-SwiftUI";
			productReference = 39831E6829F16B7A00B08FF3 /* Coordinator-SwiftUI.app */;
			productType = "com.apple.product-type.application";
		};
/* End PBXNativeTarget section */

/* Begin PBXProject section */
		39831E6029F16B7A00B08FF3 /* Project object */ = {
			isa = PBXProject;
			attributes = {
				BuildIndependentTargetsInParallel = 1;
				LastSwiftUpdateCheck = 1430;
				LastUpgradeCheck = 1430;
				TargetAttributes = {
					39831E6729F16B7A00B08FF3 = {
						CreatedOnToolsVersion = 14.3;
					};
				};
			};
			buildConfigurationList = 39831E6329F16B7A00B08FF3 /* Build configuration list for PBXProject "Coordinator-SwiftUI" */;
			compatibilityVersion = "Xcode 14.0";
			developmentRegion = en;
			hasScannedForEncodings = 0;
			knownRegions = (
				en,
				Base,
			);
			mainGroup = 39831E5F29F16B7A00B08FF3;
			productRefGroup = 39831E6929F16B7A00B08FF3 /* Products */;
			projectDirPath = "";
			projectRoot = "";
			targets = (
				39831E6729F16B7A00B08FF3 /* Coordinator-SwiftUI */,
			);
		};
/* End PBXProject section */

/* Begin PBXResourcesBuildPhase section */
		39831E6629F16B7A00B08FF3 /* Resources */ = {
			isa = PBXResourcesBuildPhase;
			buildActionMask = 2147483647;
			files = (
				39831E7329F16B7B00B08FF3 /* Preview Assets.xcassets in Resources */,
				39831E7029F16B7B00B08FF3 /* Assets.xcassets in Resources */,
			);
			runOnlyForDeploymentPostprocessing = 0;
		};
/* End PBXResourcesBuildPhase section */

/* Begin PBXSourcesBuildPhase section */
		39831E6429F16B7A00B08FF3 /* Sources */ = {
			isa = PBXSourcesBuildPhase;
			buildActionMask = 2147483647;
			files = (
				39831E6E29F16B7A00B08FF3 /* ContentView.swift in Sources */,
				39831E8929F16BD500B08FF3 /* ViewABC.swift in Sources */,
				39831E8429F16BBD00B08FF3 /* MainView.swift in Sources */,
				39831E6C29F16B7A00B08FF3 /* Coordinator_SwiftUIApp.swift in Sources */,
				39831E8329F16BBD00B08FF3 /* Coordinator.swift in Sources */,
				39831E8229F16BBD00B08FF3 /* Destination.swift in Sources */,
				39831E8129F16BBD00B08FF3 /* Notification.Name.swift in Sources */,
				39831E8629F16BBD00B08FF3 /* MainViewModel.swift in Sources */,
			);
			runOnlyForDeploymentPostprocessing = 0;
		};
/* End PBXSourcesBuildPhase section */

/* Begin XCBuildConfiguration section */
		39831E7429F16B7B00B08FF3 /* Debug */ = {
			isa = XCBuildConfiguration;
			buildSettings = {
				ALWAYS_SEARCH_USER_PATHS = NO;
				CLANG_ANALYZER_NONNULL = YES;
				CLANG_ANALYZER_NUMBER_OBJECT_CONVERSION = YES_AGGRESSIVE;
				CLANG_CXX_LANGUAGE_STANDARD = "gnu++20";
				CLANG_ENABLE_MODULES = YES;
				CLANG_ENABLE_OBJC_ARC = YES;
				CLANG_ENABLE_OBJC_WEAK = YES;
				CLANG_WARN_BLOCK_CAPTURE_AUTORELEASING = YES;
				CLANG_WARN_BOOL_CONVERSION = YES;
				CLANG_WARN_COMMA = YES;
				CLANG_WARN_CONSTANT_CONVERSION = YES;
				CLANG_WARN_DEPRECATED_OBJC_IMPLEMENTATIONS = YES;
				CLANG_WARN_DIRECT_OBJC_ISA_USAGE = YES_ERROR;
				CLANG_WARN_DOCUMENTATION_COMMENTS = YES;
				CLANG_WARN_EMPTY_BODY = YES;
				CLANG_WARN_ENUM_CONVERSION = YES;
				CLANG_WARN_INFINITE_RECURSION = YES;
				CLANG_WARN_INT_CONVERSION = YES;
				CLANG_WARN_NON_LITERAL_NULL_CONVERSION = YES;
				CLANG_WARN_OBJC_IMPLICIT_RETAIN_SELF = YES;
				CLANG_WARN_OBJC_LITERAL_CONVERSION = YES;
				CLANG_WARN_OBJC_ROOT_CLASS = YES_ERROR;
				CLANG_WARN_QUOTED_INCLUDE_IN_FRAMEWORK_HEADER = YES;
				CLANG_WARN_RANGE_LOOP_ANALYSIS = YES;
				CLANG_WARN_STRICT_PROTOTYPES = YES;
				CLANG_WARN_SUSPICIOUS_MOVE = YES;
				CLANG_WARN_UNGUARDED_AVAILABILITY = YES_AGGRESSIVE;
				CLANG_WARN_UNREACHABLE_CODE = YES;
				CLANG_WARN__DUPLICATE_METHOD_MATCH = YES;
				COPY_PHASE_STRIP = NO;
				DEBUG_INFORMATION_FORMAT = dwarf;
				ENABLE_STRICT_OBJC_MSGSEND = YES;
				ENABLE_TESTABILITY = YES;
				GCC_C_LANGUAGE_STANDARD = gnu11;
				GCC_DYNAMIC_NO_PIC = NO;
				GCC_NO_COMMON_BLOCKS = YES;
				GCC_OPTIMIZATION_LEVEL = 0;
				GCC_PREPROCESSOR_DEFINITIONS = (
					"DEBUG=1",
					"$(inherited)",
				);
				GCC_WARN_64_TO_32_BIT_CONVERSION = YES;
				GCC_WARN_ABOUT_RETURN_TYPE = YES_ERROR;
				GCC_WARN_UNDECLARED_SELECTOR = YES;
				GCC_WARN_UNINITIALIZED_AUTOS = YES_AGGRESSIVE;
				GCC_WARN_UNUSED_FUNCTION = YES;
				GCC_WARN_UNUSED_VARIABLE = YES;
				IPHONEOS_DEPLOYMENT_TARGET = 16.4;
				MTL_ENABLE_DEBUG_INFO = INCLUDE_SOURCE;
				MTL_FAST_MATH = YES;
				ONLY_ACTIVE_ARCH = YES;
				SDKROOT = iphoneos;
				SWIFT_ACTIVE_COMPILATION_CONDITIONS = DEBUG;
				SWIFT_OPTIMIZATION_LEVEL = "-Onone";
			};
			name = Debug;
		};
		39831E7529F16B7B00B08FF3 /* Release */ = {
			isa = XCBuildConfiguration;
			buildSettings = {
				ALWAYS_SEARCH_USER_PATHS = NO;
				CLANG_ANALYZER_NONNULL = YES;
				CLANG_ANALYZER_NUMBER_OBJECT_CONVERSION = YES_AGGRESSIVE;
				CLANG_CXX_LANGUAGE_STANDARD = "gnu++20";
				CLANG_ENABLE_MODULES = YES;
				CLANG_ENABLE_OBJC_ARC = YES;
				CLANG_ENABLE_OBJC_WEAK = YES;
				CLANG_WARN_BLOCK_CAPTURE_AUTORELEASING = YES;
				CLANG_WARN_BOOL_CONVERSION = YES;
				CLANG_WARN_COMMA = YES;
				CLANG_WARN_CONSTANT_CONVERSION = YES;
				CLANG_WARN_DEPRECATED_OBJC_IMPLEMENTATIONS = YES;
				CLANG_WARN_DIRECT_OBJC_ISA_USAGE = YES_ERROR;
				CLANG_WARN_DOCUMENTATION_COMMENTS = YES;
				CLANG_WARN_EMPTY_BODY = YES;
				CLANG_WARN_ENUM_CONVERSION = YES;
				CLANG_WARN_INFINITE_RECURSION = YES;
				CLANG_WARN_INT_CONVERSION = YES;
				CLANG_WARN_NON_LITERAL_NULL_CONVERSION = YES;
				CLANG_WARN_OBJC_IMPLICIT_RETAIN_SELF = YES;
				CLANG_WARN_OBJC_LITERAL_CONVERSION = YES;
				CLANG_WARN_OBJC_ROOT_CLASS = YES_ERROR;
				CLANG_WARN_QUOTED_INCLUDE_IN_FRAMEWORK_HEADER = YES;
				CLANG_WARN_RANGE_LOOP_ANALYSIS = YES;
				CLANG_WARN_STRICT_PROTOTYPES = YES;
				CLANG_WARN_SUSPICIOUS_MOVE = YES;
				CLANG_WARN_UNGUARDED_AVAILABILITY = YES_AGGRESSIVE;
				CLANG_WARN_UNREACHABLE_CODE = YES;
				CLANG_WARN__DUPLICATE_METHOD_MATCH = YES;
				COPY_PHASE_STRIP = NO;
				DEBUG_INFORMATION_FORMAT = "dwarf-with-dsym";
				ENABLE_NS_ASSERTIONS = NO;
				ENABLE_STRICT_OBJC_MSGSEND = YES;
				GCC_C_LANGUAGE_STANDARD = gnu11;
				GCC_NO_COMMON_BLOCKS = YES;
				GCC_WARN_64_TO_32_BIT_CONVERSION = YES;
				GCC_WARN_ABOUT_RETURN_TYPE = YES_ERROR;
				GCC_WARN_UNDECLARED_SELECTOR = YES;
				GCC_WARN_UNINITIALIZED_AUTOS = YES_AGGRESSIVE;
				GCC_WARN_UNUSED_FUNCTION = YES;
				GCC_WARN_UNUSED_VARIABLE = YES;
				IPHONEOS_DEPLOYMENT_TARGET = 16.4;
				MTL_ENABLE_DEBUG_INFO = NO;
				MTL_FAST_MATH = YES;
				SDKROOT = iphoneos;
				SWIFT_COMPILATION_MODE = wholemodule;
				SWIFT_OPTIMIZATION_LEVEL = "-O";
				VALIDATE_PRODUCT = YES;
			};
			name = Release;
		};
		39831E7729F16B7B00B08FF3 /* Debug */ = {
			isa = XCBuildConfiguration;
			buildSettings = {
				ASSETCATALOG_COMPILER_APPICON_NAME = AppIcon;
				ASSETCATALOG_COMPILER_GLOBAL_ACCENT_COLOR_NAME = AccentColor;
				CODE_SIGN_STYLE = Automatic;
				CURRENT_PROJECT_VERSION = 1;
				DEVELOPMENT_ASSET_PATHS = "\"Coordinator-SwiftUI/Preview Content\"";
				DEVELOPMENT_TEAM = ZH5GA3W8UP;
				ENABLE_PREVIEWS = YES;
				GENERATE_INFOPLIST_FILE = YES;
				INFOPLIST_KEY_UIApplicationSceneManifest_Generation = YES;
				INFOPLIST_KEY_UIApplicationSupportsIndirectInputEvents = YES;
				INFOPLIST_KEY_UILaunchScreen_Generation = YES;
				INFOPLIST_KEY_UISupportedInterfaceOrientations_iPad = "UIInterfaceOrientationPortrait UIInterfaceOrientationPortraitUpsideDown UIInterfaceOrientationLandscapeLeft UIInterfaceOrientationLandscapeRight";
				INFOPLIST_KEY_UISupportedInterfaceOrientations_iPhone = "UIInterfaceOrientationPortrait UIInterfaceOrientationLandscapeLeft UIInterfaceOrientationLandscapeRight";
				IPHONEOS_DEPLOYMENT_TARGET = 14.0;
				LD_RUNPATH_SEARCH_PATHS = (
					"$(inherited)",
					"@executable_path/Frameworks",
				);
				MARKETING_VERSION = 1.0;
				PRODUCT_BUNDLE_IDENTIFIER = "dev.heon.Coordinator-SwiftUI";
				PRODUCT_NAME = "$(TARGET_NAME)";
				SWIFT_EMIT_LOC_STRINGS = YES;
				SWIFT_VERSION = 5.0;
				TARGETED_DEVICE_FAMILY = "1,2";
			};
			name = Debug;
		};
		39831E7829F16B7B00B08FF3 /* Release */ = {
			isa = XCBuildConfiguration;
			buildSettings = {
				ASSETCATALOG_COMPILER_APPICON_NAME = AppIcon;
				ASSETCATALOG_COMPILER_GLOBAL_ACCENT_COLOR_NAME = AccentColor;
				CODE_SIGN_STYLE = Automatic;
				CURRENT_PROJECT_VERSION = 1;
				DEVELOPMENT_ASSET_PATHS = "\"Coordinator-SwiftUI/Preview Content\"";
				DEVELOPMENT_TEAM = ZH5GA3W8UP;
				ENABLE_PREVIEWS = YES;
				GENERATE_INFOPLIST_FILE = YES;
				INFOPLIST_KEY_UIApplicationSceneManifest_Generation = YES;
				INFOPLIST_KEY_UIApplicationSupportsIndirectInputEvents = YES;
				INFOPLIST_KEY_UILaunchScreen_Generation = YES;
				INFOPLIST_KEY_UISupportedInterfaceOrientations_iPad = "UIInterfaceOrientationPortrait UIInterfaceOrientationPortraitUpsideDown UIInterfaceOrientationLandscapeLeft UIInterfaceOrientationLandscapeRight";
				INFOPLIST_KEY_UISupportedInterfaceOrientations_iPhone = "UIInterfaceOrientationPortrait UIInterfaceOrientationLandscapeLeft UIInterfaceOrientationLandscapeRight";
				IPHONEOS_DEPLOYMENT_TARGET = 14.0;
				LD_RUNPATH_SEARCH_PATHS = (
					"$(inherited)",
					"@executable_path/Frameworks",
				);
				MARKETING_VERSION = 1.0;
				PRODUCT_BUNDLE_IDENTIFIER = "dev.heon.Coordinator-SwiftUI";
				PRODUCT_NAME = "$(TARGET_NAME)";
				SWIFT_EMIT_LOC_STRINGS = YES;
				SWIFT_VERSION = 5.0;
				TARGETED_DEVICE_FAMILY = "1,2";
			};
			name = Release;
		};
/* End XCBuildConfiguration section */

/* Begin XCConfigurationList section */
		39831E6329F16B7A00B08FF3 /* Build configuration list for PBXProject "Coordinator-SwiftUI" */ = {
			isa = XCConfigurationList;
			buildConfigurations = (
				39831E7429F16B7B00B08FF3 /* Debug */,
				39831E7529F16B7B00B08FF3 /* Release */,
			);
			defaultConfigurationIsVisible = 0;
			defaultConfigurationName = Release;
		};
		39831E7629F16B7B00B08FF3 /* Build configuration list for PBXNativeTarget "Coordinator-SwiftUI" */ = {
			isa = XCConfigurationList;
			buildConfigurations = (
				39831E7729F16B7B00B08FF3 /* Debug */,
				39831E7829F16B7B00B08FF3 /* Release */,
			);
			defaultConfigurationIsVisible = 0;
			defaultConfigurationName = Release;
		};
/* End XCConfigurationList section */
	};
	rootObject = 39831E6029F16B7A00B08FF3 /* Project object */;
}
